github.com/golang-collections/collections v0.0.0-20130729185459-604e922904d3 h1:zN2lZNZRflqFyxVaTIU61KNKQ9C0055u9CAfpmqUvo4=
github.com/golang-collections/collections v0.0.0-20130729185459-604e922904d3/go.mod h1:nPpo7qLxd6XL3hWJG/O60sR8ZKfMCiIoNap5GvD12KU=
github.com/oguzkaran/go-programming-apps-sep-2023-libraries-repository v0.0.0-20231119150513-9a1167b1683b h1:WlkC/5gQafZv/YO6WCB5lErELCI9fo/lSawaDbuDtwU=
github.com/oguzkaran/go-programming-apps-sep-2023-libraries-repository v0.0.0-20231119150513-9a1167b1683b/go.mod h1:y53bJQcrkhQx0sOpQIV6fgyf9HiCPCmcpVHpCRS2VYc=
github.com/oguzkaran/go-programming-apps-sep-2023-libraries-repository v0.0.0-20231119211959-8a5432a25482 h1:8WwkScvh5MKmPDsais3CQSGiPHlvBmbJVADUO6nNS48=
github.com/oguzkaran/go-programming-apps-sep-2023-libraries-repository v0.0.0-20231119211959-8a5432a25482/go.mod h1:y53bJQcrkhQx0sOpQIV6fgyf9HiCPCmcpVHpCRS2VYc=
