github.com/oguzkaran/go-programming-apps-sep-2023-libraries-repository v0.0.0-20231119150513-9a1167b1683b h1:WlkC/5gQafZv/YO6WCB5lErELCI9fo/lSawaDbuDtwU=
github.com/oguzkaran/go-programming-apps-sep-2023-libraries-repository v0.0.0-20231119150513-9a1167b1683b/go.mod h1:y53bJQcrkhQx0sOpQIV6fgyf9HiCPCmcpVHpCRS2VYc=
github.com/oguzkaran/go-programming-apps-sep-2023-libraries-repository v0.0.0-20231119211959-8a5432a25482 h1:8WwkScvh5MKmPDsais3CQSGiPHlvBmbJVADUO6nNS48=
github.com/oguzkaran/go-programming-apps-sep-2023-libraries-repository v0.0.0-20231119211959-8a5432a25482/go.mod h1:y53bJQcrkhQx0sOpQIV6fgyf9HiCPCmcpVHpCRS2VYc=
